
Microsoft Visual Studio Solution File, Format Version 12.00
# Visual Studio Version 17
VisualStudioVersion = 17.5.33530.505
MinimumVisualStudioVersion = 10.0.40219.1
Project("{9A19103F-16F7-4668-BE54-9A1E7A4F7556}") = "Space Layout", "Space Layout.csproj", "{34E481D1-4EE8-4772-AB24-F99AAF254C0A}"
EndProject
Global
	GlobalSection(SolutionConfigurationPlatforms) = preSolution
		Debug|Any CPU = Debug|Any CPU
		Release|Any CPU = Release|Any CPU
	EndGlobalSection
	GlobalSection(ProjectConfigurationPlatforms) = postSolution
		{34E481D1-4EE8-4772-AB24-F99AAF254C0A}.Debug|Any CPU.ActiveCfg = Debug|Any CPU
		{34E481D1-4EE8-4772-AB24-F99AAF254C0A}.Debug|Any CPU.Build.0 = Debug|Any CPU
		{34E481D1-4EE8-4772-AB24-F99AAF254C0A}.Release|Any CPU.ActiveCfg = Release|Any CPU
		{34E481D1-4EE8-4772-AB24-F99AAF254C0A}.Release|Any CPU.Build.0 = Release|Any CPU
	EndGlobalSection
	GlobalSection(SolutionProperties) = preSolution
		HideSolutionNode = FALSE
	EndGlobalSection
	GlobalSection(ExtensibilityGlobals) = postSolution
		SolutionGuid = {5A439772-0D26-4253-A32C-18C4F3F7877E}
	EndGlobalSection
EndGlobal
